
Microsoft Visual Studio Solution File, Format Version 12.00
# Visual Studio Version 16
VisualStudioVersion = 16.0.31624.102
MinimumVisualStudioVersion = 10.0.40219.1
Project("{D2ABAB84-BF74-430A-B69E-9DC6D40DDA17}") = "CuboAdmisiones", "CuboAdmisiones\CuboAdmisiones.dwproj", "{9F6605CF-0AEF-477F-A7C5-10F98E3ACA6B}"
EndProject
Global
	GlobalSection(SolutionConfigurationPlatforms) = preSolution
		Development|Default = Development|Default
	EndGlobalSection
	GlobalSection(ProjectConfigurationPlatforms) = postSolution
		{9F6605CF-0AEF-477F-A7C5-10F98E3ACA6B}.Development|Default.ActiveCfg = Development
		{9F6605CF-0AEF-477F-A7C5-10F98E3ACA6B}.Development|Default.Build.0 = Development
		{9F6605CF-0AEF-477F-A7C5-10F98E3ACA6B}.Development|Default.Deploy.0 = Development
	EndGlobalSection
	GlobalSection(SolutionProperties) = preSolution
		HideSolutionNode = FALSE
	EndGlobalSection
	GlobalSection(ExtensibilityGlobals) = postSolution
		SolutionGuid = {FB84C7BB-C304-4016-AA50-242443964C62}
	EndGlobalSection
EndGlobal
